
Microsoft Visual Studio Solution File, Format Version 10.00
# Visual Studio 2008
Project("{FAE04EC0-301F-11D3-BF4B-00C04F79EFBC}") = "game_QUEST", "game_QUEST\game_QUEST.csproj", "{2A941BFD-9BF8-4313-B76B-82D9F5708D9E}"
EndProject
Global
	GlobalSection(SolutionConfigurationPlatforms) = preSolution
		Debug|Any CPU = Debug|Any CPU
		Release|Any CPU = Release|Any CPU
	EndGlobalSection
	GlobalSection(ProjectConfigurationPlatforms) = postSolution
		{2A941BFD-9BF8-4313-B76B-82D9F5708D9E}.Debug|Any CPU.ActiveCfg = Debug|Any CPU
		{2A941BFD-9BF8-4313-B76B-82D9F5708D9E}.Debug|Any CPU.Build.0 = Debug|Any CPU
		{2A941BFD-9BF8-4313-B76B-82D9F5708D9E}.Release|Any CPU.ActiveCfg = Release|Any CPU
		{2A941BFD-9BF8-4313-B76B-82D9F5708D9E}.Release|Any CPU.Build.0 = Release|Any CPU
	EndGlobalSection
	GlobalSection(SolutionProperties) = preSolution
		HideSolutionNode = FALSE
	EndGlobalSection
EndGlobal
